
Microsoft Visual Studio Solution File, Format Version 12.00
# Visual Studio 14
VisualStudioVersion = 14.0.25420.1
MinimumVisualStudioVersion = 10.0.40219.1
Project("{8BC9CEB8-8B4A-11D0-8D11-00A0C91BC942}") = "Logger", "Logger\Logger.vcxproj", "{9D981433-58B9-46A2-B490-D9B2CD21C360}"
EndProject
Project("{8BC9CEB8-8B4A-11D0-8D11-00A0C91BC942}") = "LibEventTester", "LibEventTester\LibEventTester.vcxproj", "{792B603B-64E5-4516-A0C8-C33724501984}"
EndProject
Project("{8BC9CEB8-8B4A-11D0-8D11-00A0C91BC942}") = "EasyTcpServer", "EasyTcpServer\EasyTcpServer.vcxproj", "{9CAF4708-5CC6-4AB0-A090-7809E5847294}"
EndProject
Project("{8BC9CEB8-8B4A-11D0-8D11-00A0C91BC942}") = "EasyTcpClient", "EasyTcpClient\EasyTcpClient.vcxproj", "{109BC8F0-A3FE-4FCF-8489-18249799B067}"
EndProject
Project("{8BC9CEB8-8B4A-11D0-8D11-00A0C91BC942}") = "ThreadTester", "ThreadTester\ThreadTester.vcxproj", "{08F6E6A5-4557-4875-8E27-AE8FC174C8CE}"
EndProject
Project("{8BC9CEB8-8B4A-11D0-8D11-00A0C91BC942}") = "LoggerTester", "LoggerTester\LoggerTester.vcxproj", "{2A1E3EBD-9131-41D6-9F03-EDC398E1E5CA}"
EndProject
Project("{8BC9CEB8-8B4A-11D0-8D11-00A0C91BC942}") = "Kafka", "Kafka\Kafka.vcxproj", "{86176DDE-DD4D-4433-8C39-F3937FBD2419}"
EndProject
Project("{8BC9CEB8-8B4A-11D0-8D11-00A0C91BC942}") = "System", "System\System.vcxproj", "{BFC76A55-9B6C-46F9-BBB7-DDF1F028466E}"
EndProject
Project("{8BC9CEB8-8B4A-11D0-8D11-00A0C91BC942}") = "RedisTester", "RedisTester\RedisTester.vcxproj", "{E4EA0E88-6C2E-41E4-B397-4A8A6980B061}"
EndProject
Project("{8BC9CEB8-8B4A-11D0-8D11-00A0C91BC942}") = "Redis", "Redis\Redis.vcxproj", "{70392FDA-01F9-4343-B244-B589BCA0CC40}"
EndProject
Project("{8BC9CEB8-8B4A-11D0-8D11-00A0C91BC942}") = "AlgorithmTester", "AlgorithmTester\AlgorithmTester.vcxproj", "{4AEEBCFB-70CC-4579-9EA8-FFE949077FFE}"
EndProject
Project("{8BC9CEB8-8B4A-11D0-8D11-00A0C91BC942}") = "SimpleTcpListener", "SimpleTcpListener\SimpleTcpListener.vcxproj", "{7316FF0C-5638-4FA7-AB92-0DCB439926EB}"
EndProject
Project("{8BC9CEB8-8B4A-11D0-8D11-00A0C91BC942}") = "SimpleTcpClient", "SimpleTcpClient\SimpleTcpClient.vcxproj", "{E0346872-7860-4B26-9308-9E6558DCF6E7}"
EndProject
Global
	GlobalSection(SolutionConfigurationPlatforms) = preSolution
		Debug|x64 = Debug|x64
		Debug|x86 = Debug|x86
		Release|x64 = Release|x64
		Release|x86 = Release|x86
	EndGlobalSection
	GlobalSection(ProjectConfigurationPlatforms) = postSolution
		{9D981433-58B9-46A2-B490-D9B2CD21C360}.Debug|x64.ActiveCfg = Debug|x64
		{9D981433-58B9-46A2-B490-D9B2CD21C360}.Debug|x64.Build.0 = Debug|x64
		{9D981433-58B9-46A2-B490-D9B2CD21C360}.Debug|x86.ActiveCfg = Debug|Win32
		{9D981433-58B9-46A2-B490-D9B2CD21C360}.Debug|x86.Build.0 = Debug|Win32
		{9D981433-58B9-46A2-B490-D9B2CD21C360}.Release|x64.ActiveCfg = Release|x64
		{9D981433-58B9-46A2-B490-D9B2CD21C360}.Release|x64.Build.0 = Release|x64
		{9D981433-58B9-46A2-B490-D9B2CD21C360}.Release|x86.ActiveCfg = Release|Win32
		{9D981433-58B9-46A2-B490-D9B2CD21C360}.Release|x86.Build.0 = Release|Win32
		{792B603B-64E5-4516-A0C8-C33724501984}.Debug|x64.ActiveCfg = Debug|x64
		{792B603B-64E5-4516-A0C8-C33724501984}.Debug|x64.Build.0 = Debug|x64
		{792B603B-64E5-4516-A0C8-C33724501984}.Debug|x86.ActiveCfg = Debug|Win32
		{792B603B-64E5-4516-A0C8-C33724501984}.Debug|x86.Build.0 = Debug|Win32
		{792B603B-64E5-4516-A0C8-C33724501984}.Release|x64.ActiveCfg = Release|x64
		{792B603B-64E5-4516-A0C8-C33724501984}.Release|x64.Build.0 = Release|x64
		{792B603B-64E5-4516-A0C8-C33724501984}.Release|x86.ActiveCfg = Release|Win32
		{792B603B-64E5-4516-A0C8-C33724501984}.Release|x86.Build.0 = Release|Win32
		{9CAF4708-5CC6-4AB0-A090-7809E5847294}.Debug|x64.ActiveCfg = Debug|x64
		{9CAF4708-5CC6-4AB0-A090-7809E5847294}.Debug|x64.Build.0 = Debug|x64
		{9CAF4708-5CC6-4AB0-A090-7809E5847294}.Debug|x86.ActiveCfg = Debug|Win32
		{9CAF4708-5CC6-4AB0-A090-7809E5847294}.Debug|x86.Build.0 = Debug|Win32
		{9CAF4708-5CC6-4AB0-A090-7809E5847294}.Release|x64.ActiveCfg = Release|x64
		{9CAF4708-5CC6-4AB0-A090-7809E5847294}.Release|x64.Build.0 = Release|x64
		{9CAF4708-5CC6-4AB0-A090-7809E5847294}.Release|x86.ActiveCfg = Release|Win32
		{9CAF4708-5CC6-4AB0-A090-7809E5847294}.Release|x86.Build.0 = Release|Win32
		{109BC8F0-A3FE-4FCF-8489-18249799B067}.Debug|x64.ActiveCfg = Debug|x64
		{109BC8F0-A3FE-4FCF-8489-18249799B067}.Debug|x64.Build.0 = Debug|x64
		{109BC8F0-A3FE-4FCF-8489-18249799B067}.Debug|x86.ActiveCfg = Debug|Win32
		{109BC8F0-A3FE-4FCF-8489-18249799B067}.Debug|x86.Build.0 = Debug|Win32
		{109BC8F0-A3FE-4FCF-8489-18249799B067}.Release|x64.ActiveCfg = Release|x64
		{109BC8F0-A3FE-4FCF-8489-18249799B067}.Release|x64.Build.0 = Release|x64
		{109BC8F0-A3FE-4FCF-8489-18249799B067}.Release|x86.ActiveCfg = Release|Win32
		{109BC8F0-A3FE-4FCF-8489-18249799B067}.Release|x86.Build.0 = Release|Win32
		{08F6E6A5-4557-4875-8E27-AE8FC174C8CE}.Debug|x64.ActiveCfg = Debug|x64
		{08F6E6A5-4557-4875-8E27-AE8FC174C8CE}.Debug|x64.Build.0 = Debug|x64
		{08F6E6A5-4557-4875-8E27-AE8FC174C8CE}.Debug|x86.ActiveCfg = Debug|Win32
		{08F6E6A5-4557-4875-8E27-AE8FC174C8CE}.Debug|x86.Build.0 = Debug|Win32
		{08F6E6A5-4557-4875-8E27-AE8FC174C8CE}.Release|x64.ActiveCfg = Release|x64
		{08F6E6A5-4557-4875-8E27-AE8FC174C8CE}.Release|x64.Build.0 = Release|x64
		{08F6E6A5-4557-4875-8E27-AE8FC174C8CE}.Release|x86.ActiveCfg = Release|Win32
		{08F6E6A5-4557-4875-8E27-AE8FC174C8CE}.Release|x86.Build.0 = Release|Win32
		{2A1E3EBD-9131-41D6-9F03-EDC398E1E5CA}.Debug|x64.ActiveCfg = Debug|x64
		{2A1E3EBD-9131-41D6-9F03-EDC398E1E5CA}.Debug|x64.Build.0 = Debug|x64
		{2A1E3EBD-9131-41D6-9F03-EDC398E1E5CA}.Debug|x86.ActiveCfg = Debug|Win32
		{2A1E3EBD-9131-41D6-9F03-EDC398E1E5CA}.Debug|x86.Build.0 = Debug|Win32
		{2A1E3EBD-9131-41D6-9F03-EDC398E1E5CA}.Release|x64.ActiveCfg = Release|x64
		{2A1E3EBD-9131-41D6-9F03-EDC398E1E5CA}.Release|x64.Build.0 = Release|x64
		{2A1E3EBD-9131-41D6-9F03-EDC398E1E5CA}.Release|x86.ActiveCfg = Release|Win32
		{2A1E3EBD-9131-41D6-9F03-EDC398E1E5CA}.Release|x86.Build.0 = Release|Win32
		{86176DDE-DD4D-4433-8C39-F3937FBD2419}.Debug|x64.ActiveCfg = Debug|x64
		{86176DDE-DD4D-4433-8C39-F3937FBD2419}.Debug|x64.Build.0 = Debug|x64
		{86176DDE-DD4D-4433-8C39-F3937FBD2419}.Debug|x86.ActiveCfg = Debug|Win32
		{86176DDE-DD4D-4433-8C39-F3937FBD2419}.Debug|x86.Build.0 = Debug|Win32
		{86176DDE-DD4D-4433-8C39-F3937FBD2419}.Release|x64.ActiveCfg = Release|x64
		{86176DDE-DD4D-4433-8C39-F3937FBD2419}.Release|x64.Build.0 = Release|x64
		{86176DDE-DD4D-4433-8C39-F3937FBD2419}.Release|x86.ActiveCfg = Release|Win32
		{86176DDE-DD4D-4433-8C39-F3937FBD2419}.Release|x86.Build.0 = Release|Win32
		{BFC76A55-9B6C-46F9-BBB7-DDF1F028466E}.Debug|x64.ActiveCfg = Debug|x64
		{BFC76A55-9B6C-46F9-BBB7-DDF1F028466E}.Debug|x64.Build.0 = Debug|x64
		{BFC76A55-9B6C-46F9-BBB7-DDF1F028466E}.Debug|x86.ActiveCfg = Debug|Win32
		{BFC76A55-9B6C-46F9-BBB7-DDF1F028466E}.Debug|x86.Build.0 = Debug|Win32
		{BFC76A55-9B6C-46F9-BBB7-DDF1F028466E}.Release|x64.ActiveCfg = Release|x64
		{BFC76A55-9B6C-46F9-BBB7-DDF1F028466E}.Release|x64.Build.0 = Release|x64
		{BFC76A55-9B6C-46F9-BBB7-DDF1F028466E}.Release|x86.ActiveCfg = Release|Win32
		{BFC76A55-9B6C-46F9-BBB7-DDF1F028466E}.Release|x86.Build.0 = Release|Win32
		{E4EA0E88-6C2E-41E4-B397-4A8A6980B061}.Debug|x64.ActiveCfg = Debug|x64
		{E4EA0E88-6C2E-41E4-B397-4A8A6980B061}.Debug|x64.Build.0 = Debug|x64
		{E4EA0E88-6C2E-41E4-B397-4A8A6980B061}.Debug|x86.ActiveCfg = Debug|Win32
		{E4EA0E88-6C2E-41E4-B397-4A8A6980B061}.Debug|x86.Build.0 = Debug|Win32
		{E4EA0E88-6C2E-41E4-B397-4A8A6980B061}.Release|x64.ActiveCfg = Release|x64
		{E4EA0E88-6C2E-41E4-B397-4A8A6980B061}.Release|x64.Build.0 = Release|x64
		{E4EA0E88-6C2E-41E4-B397-4A8A6980B061}.Release|x86.ActiveCfg = Release|Win32
		{E4EA0E88-6C2E-41E4-B397-4A8A6980B061}.Release|x86.Build.0 = Release|Win32
		{70392FDA-01F9-4343-B244-B589BCA0CC40}.Debug|x64.ActiveCfg = Debug|x64
		{70392FDA-01F9-4343-B244-B589BCA0CC40}.Debug|x64.Build.0 = Debug|x64
		{70392FDA-01F9-4343-B244-B589BCA0CC40}.Debug|x86.ActiveCfg = Debug|Win32
		{70392FDA-01F9-4343-B244-B589BCA0CC40}.Debug|x86.Build.0 = Debug|Win32
		{70392FDA-01F9-4343-B244-B589BCA0CC40}.Release|x64.ActiveCfg = Release|x64
		{70392FDA-01F9-4343-B244-B589BCA0CC40}.Release|x64.Build.0 = Release|x64
		{70392FDA-01F9-4343-B244-B589BCA0CC40}.Release|x86.ActiveCfg = Release|Win32
		{70392FDA-01F9-4343-B244-B589BCA0CC40}.Release|x86.Build.0 = Release|Win32
		{4AEEBCFB-70CC-4579-9EA8-FFE949077FFE}.Debug|x64.ActiveCfg = Debug|x64
		{4AEEBCFB-70CC-4579-9EA8-FFE949077FFE}.Debug|x64.Build.0 = Debug|x64
		{4AEEBCFB-70CC-4579-9EA8-FFE949077FFE}.Debug|x86.ActiveCfg = Debug|Win32
		{4AEEBCFB-70CC-4579-9EA8-FFE949077FFE}.Debug|x86.Build.0 = Debug|Win32
		{4AEEBCFB-70CC-4579-9EA8-FFE949077FFE}.Release|x64.ActiveCfg = Release|x64
		{4AEEBCFB-70CC-4579-9EA8-FFE949077FFE}.Release|x64.Build.0 = Release|x64
		{4AEEBCFB-70CC-4579-9EA8-FFE949077FFE}.Release|x86.ActiveCfg = Release|Win32
		{4AEEBCFB-70CC-4579-9EA8-FFE949077FFE}.Release|x86.Build.0 = Release|Win32
		{7316FF0C-5638-4FA7-AB92-0DCB439926EB}.Debug|x64.ActiveCfg = Debug|x64
		{7316FF0C-5638-4FA7-AB92-0DCB439926EB}.Debug|x64.Build.0 = Debug|x64
		{7316FF0C-5638-4FA7-AB92-0DCB439926EB}.Debug|x86.ActiveCfg = Debug|Win32
		{7316FF0C-5638-4FA7-AB92-0DCB439926EB}.Debug|x86.Build.0 = Debug|Win32
		{7316FF0C-5638-4FA7-AB92-0DCB439926EB}.Release|x64.ActiveCfg = Release|x64
		{7316FF0C-5638-4FA7-AB92-0DCB439926EB}.Release|x64.Build.0 = Release|x64
		{7316FF0C-5638-4FA7-AB92-0DCB439926EB}.Release|x86.ActiveCfg = Release|Win32
		{7316FF0C-5638-4FA7-AB92-0DCB439926EB}.Release|x86.Build.0 = Release|Win32
		{E0346872-7860-4B26-9308-9E6558DCF6E7}.Debug|x64.ActiveCfg = Debug|x64
		{E0346872-7860-4B26-9308-9E6558DCF6E7}.Debug|x64.Build.0 = Debug|x64
		{E0346872-7860-4B26-9308-9E6558DCF6E7}.Debug|x86.ActiveCfg = Debug|Win32
		{E0346872-7860-4B26-9308-9E6558DCF6E7}.Debug|x86.Build.0 = Debug|Win32
		{E0346872-7860-4B26-9308-9E6558DCF6E7}.Release|x64.ActiveCfg = Release|x64
		{E0346872-7860-4B26-9308-9E6558DCF6E7}.Release|x64.Build.0 = Release|x64
		{E0346872-7860-4B26-9308-9E6558DCF6E7}.Release|x86.ActiveCfg = Release|Win32
		{E0346872-7860-4B26-9308-9E6558DCF6E7}.Release|x86.Build.0 = Release|Win32
	EndGlobalSection
	GlobalSection(SolutionProperties) = preSolution
		HideSolutionNode = FALSE
	EndGlobalSection
EndGlobal
