
Microsoft Visual Studio Solution File, Format Version 12.00
# Visual Studio 14
VisualStudioVersion = 14.0.25420.1
MinimumVisualStudioVersion = 10.0.40219.1
Project("{8BC9CEB8-8B4A-11D0-8D11-00A0C91BC942}") = "Logger", "Logger\Logger.vcxproj", "{9D981433-58B9-46A2-B490-D9B2CD21C360}"
EndProject
Project("{8BC9CEB8-8B4A-11D0-8D11-00A0C91BC942}") = "LibEventTester", "LibEventTester\LibEventTester.vcxproj", "{792B603B-64E5-4516-A0C8-C33724501984}"
EndProject
Project("{8BC9CEB8-8B4A-11D0-8D11-00A0C91BC942}") = "ThreadTester", "ThreadTester\ThreadTester.vcxproj", "{08F6E6A5-4557-4875-8E27-AE8FC174C8CE}"
	ProjectSection(ProjectDependencies) = postProject
		{BFC76A55-9B6C-46F9-BBB7-DDF1F028466E} = {BFC76A55-9B6C-46F9-BBB7-DDF1F028466E}
	EndProjectSection
EndProject
Project("{8BC9CEB8-8B4A-11D0-8D11-00A0C91BC942}") = "LoggerTester", "LoggerTester\LoggerTester.vcxproj", "{2A1E3EBD-9131-41D6-9F03-EDC398E1E5CA}"
	ProjectSection(ProjectDependencies) = postProject
		{9D981433-58B9-46A2-B490-D9B2CD21C360} = {9D981433-58B9-46A2-B490-D9B2CD21C360}
		{BFC76A55-9B6C-46F9-BBB7-DDF1F028466E} = {BFC76A55-9B6C-46F9-BBB7-DDF1F028466E}
	EndProjectSection
EndProject
Project("{8BC9CEB8-8B4A-11D0-8D11-00A0C91BC942}") = "System", "System\System.vcxproj", "{BFC76A55-9B6C-46F9-BBB7-DDF1F028466E}"
EndProject
Project("{8BC9CEB8-8B4A-11D0-8D11-00A0C91BC942}") = "AlgorithmTester", "AlgorithmTester\AlgorithmTester.vcxproj", "{4AEEBCFB-70CC-4579-9EA8-FFE949077FFE}"
	ProjectSection(ProjectDependencies) = postProject
		{BFC76A55-9B6C-46F9-BBB7-DDF1F028466E} = {BFC76A55-9B6C-46F9-BBB7-DDF1F028466E}
	EndProjectSection
EndProject
Project("{8BC9CEB8-8B4A-11D0-8D11-00A0C91BC942}") = "SimpleTcpListener", "SimpleTcpListener\SimpleTcpListener.vcxproj", "{7316FF0C-5638-4FA7-AB92-0DCB439926EB}"
	ProjectSection(ProjectDependencies) = postProject
		{BFC76A55-9B6C-46F9-BBB7-DDF1F028466E} = {BFC76A55-9B6C-46F9-BBB7-DDF1F028466E}
	EndProjectSection
EndProject
Project("{8BC9CEB8-8B4A-11D0-8D11-00A0C91BC942}") = "SimpleTcpClient", "SimpleTcpClient\SimpleTcpClient.vcxproj", "{E0346872-7860-4B26-9308-9E6558DCF6E7}"
	ProjectSection(ProjectDependencies) = postProject
		{BFC76A55-9B6C-46F9-BBB7-DDF1F028466E} = {BFC76A55-9B6C-46F9-BBB7-DDF1F028466E}
	EndProjectSection
EndProject
Project("{8BC9CEB8-8B4A-11D0-8D11-00A0C91BC942}") = "Verification", "Verification\Verification.vcxproj", "{0F06178D-D63E-44B1-A071-DB3270063202}"
EndProject
Project("{2150E333-8FDC-42A3-9474-1A3956D46DE8}") = "Library", "Library", "{485F6363-FE32-46DE-A1CD-536333869F60}"
EndProject
Project("{2150E333-8FDC-42A3-9474-1A3956D46DE8}") = "x64.Debug", "x64.Debug", "{A6E99907-5B27-4C35-BC9E-2008D3F477E7}"
	ProjectSection(SolutionItems) = preProject
		Library\x64.Debug\libeay32.dll = Library\x64.Debug\libeay32.dll
		Library\x64.Debug\libeay32.lib = Library\x64.Debug\libeay32.lib
		Library\x64.Debug\libevent.lib = Library\x64.Debug\libevent.lib
		Library\x64.Debug\libevent_core.lib = Library\x64.Debug\libevent_core.lib
		Library\x64.Debug\libevent_extras.lib = Library\x64.Debug\libevent_extras.lib
		Library\x64.Debug\librdkafka.dll = Library\x64.Debug\librdkafka.dll
		Library\x64.Debug\librdkafka.lib = Library\x64.Debug\librdkafka.lib
		Library\x64.Debug\librdkafkacpp.dll = Library\x64.Debug\librdkafkacpp.dll
		Library\x64.Debug\librdkafkacpp.lib = Library\x64.Debug\librdkafkacpp.lib
		Library\x64.Debug\libzstd.dll = Library\x64.Debug\libzstd.dll
		Library\x64.Debug\log4cplusD.dll = Library\x64.Debug\log4cplusD.dll
		Library\x64.Debug\log4cplusD.lib = Library\x64.Debug\log4cplusD.lib
		Library\x64.Debug\log4cplusSD.lib = Library\x64.Debug\log4cplusSD.lib
		Library\x64.Debug\ssleay32.dll = Library\x64.Debug\ssleay32.dll
		Library\x64.Debug\ssleay32.lib = Library\x64.Debug\ssleay32.lib
		Library\x64.Debug\zlibd.dll = Library\x64.Debug\zlibd.dll
	EndProjectSection
EndProject
Project("{2150E333-8FDC-42A3-9474-1A3956D46DE8}") = "x64.Release", "x64.Release", "{198FA059-ED73-46CA-A61C-1F449A914E87}"
	ProjectSection(SolutionItems) = preProject
		Library\x64.Release\lib_json.dll = Library\x64.Release\lib_json.dll
		Library\x64.Release\lib_json.lib = Library\x64.Release\lib_json.lib
		Library\x64.Release\libeay32.dll = Library\x64.Release\libeay32.dll
		Library\x64.Release\libeay32.lib = Library\x64.Release\libeay32.lib
		Library\x64.Release\libevent.lib = Library\x64.Release\libevent.lib
		Library\x64.Release\libevent_core.lib = Library\x64.Release\libevent_core.lib
		Library\x64.Release\libevent_extras.lib = Library\x64.Release\libevent_extras.lib
		Library\x64.Release\librdkafka.dll = Library\x64.Release\librdkafka.dll
		Library\x64.Release\librdkafka.lib = Library\x64.Release\librdkafka.lib
		Library\x64.Release\librdkafkacpp.dll = Library\x64.Release\librdkafkacpp.dll
		Library\x64.Release\librdkafkacpp.lib = Library\x64.Release\librdkafkacpp.lib
		Library\x64.Release\libzstd.dll = Library\x64.Release\libzstd.dll
		Library\x64.Release\log4cplus.dll = Library\x64.Release\log4cplus.dll
		Library\x64.Release\log4cplus.lib = Library\x64.Release\log4cplus.lib
		Library\x64.Release\log4cplusS.lib = Library\x64.Release\log4cplusS.lib
		Library\x64.Release\ssleay32.dll = Library\x64.Release\ssleay32.dll
		Library\x64.Release\ssleay32.lib = Library\x64.Release\ssleay32.lib
		Library\x64.Release\zlib.dll = Library\x64.Release\zlib.dll
	EndProjectSection
EndProject
Project("{2150E333-8FDC-42A3-9474-1A3956D46DE8}") = "Include", "Include", "{AD7C5A58-DA3E-4E22-9F04-8B2C39D8537C}"
EndProject
Project("{2150E333-8FDC-42A3-9474-1A3956D46DE8}") = "libevent", "libevent", "{557479E6-F59A-402A-B288-591FE88F647F}"
	ProjectSection(SolutionItems) = preProject
		Include\libevent\bufferevent-internal.h = Include\libevent\bufferevent-internal.h
		Include\libevent\changelist-internal.h = Include\libevent\changelist-internal.h
		Include\libevent\defer-internal.h = Include\libevent\defer-internal.h
		Include\libevent\evbuffer-internal.h = Include\libevent\evbuffer-internal.h
		Include\libevent\evdns.h = Include\libevent\evdns.h
		Include\libevent\event-internal.h = Include\libevent\event-internal.h
		Include\libevent\event.h = Include\libevent\event.h
		Include\libevent\evhttp.h = Include\libevent\evhttp.h
		Include\libevent\evmap-internal.h = Include\libevent\evmap-internal.h
		Include\libevent\evrpc-internal.h = Include\libevent\evrpc-internal.h
		Include\libevent\evrpc.h = Include\libevent\evrpc.h
		Include\libevent\evsignal-internal.h = Include\libevent\evsignal-internal.h
		Include\libevent\evthread-internal.h = Include\libevent\evthread-internal.h
		Include\libevent\evutil.h = Include\libevent\evutil.h
		Include\libevent\ht-internal.h = Include\libevent\ht-internal.h
		Include\libevent\http-internal.h = Include\libevent\http-internal.h
		Include\libevent\iocp-internal.h = Include\libevent\iocp-internal.h
		Include\libevent\ipv6-internal.h = Include\libevent\ipv6-internal.h
		Include\libevent\log-internal.h = Include\libevent\log-internal.h
		Include\libevent\minheap-internal.h = Include\libevent\minheap-internal.h
		Include\libevent\mm-internal.h = Include\libevent\mm-internal.h
		Include\libevent\ratelim-internal.h = Include\libevent\ratelim-internal.h
		Include\libevent\strlcpy-internal.h = Include\libevent\strlcpy-internal.h
		Include\libevent\tree.h = Include\libevent\tree.h
		Include\libevent\util-internal.h = Include\libevent\util-internal.h
	EndProjectSection
EndProject
Project("{2150E333-8FDC-42A3-9474-1A3956D46DE8}") = "event2", "event2", "{57556F2C-BDB0-4CA0-856B-225401CCC896}"
	ProjectSection(SolutionItems) = preProject
		Include\libevent\event2\buffer.h = Include\libevent\event2\buffer.h
		Include\libevent\event2\buffer_compat.h = Include\libevent\event2\buffer_compat.h
		Include\libevent\event2\bufferevent.h = Include\libevent\event2\bufferevent.h
		Include\libevent\event2\bufferevent_compat.h = Include\libevent\event2\bufferevent_compat.h
		Include\libevent\event2\bufferevent_ssl.h = Include\libevent\event2\bufferevent_ssl.h
		Include\libevent\event2\bufferevent_struct.h = Include\libevent\event2\bufferevent_struct.h
		Include\libevent\event2\dns.h = Include\libevent\event2\dns.h
		Include\libevent\event2\dns_compat.h = Include\libevent\event2\dns_compat.h
		Include\libevent\event2\dns_struct.h = Include\libevent\event2\dns_struct.h
		Include\libevent\event2\event-config.h = Include\libevent\event2\event-config.h
		Include\libevent\event2\event.h = Include\libevent\event2\event.h
		Include\libevent\event2\event_compat.h = Include\libevent\event2\event_compat.h
		Include\libevent\event2\event_struct.h = Include\libevent\event2\event_struct.h
		Include\libevent\event2\http.h = Include\libevent\event2\http.h
		Include\libevent\event2\http_compat.h = Include\libevent\event2\http_compat.h
		Include\libevent\event2\http_struct.h = Include\libevent\event2\http_struct.h
		Include\libevent\event2\keyvalq_struct.h = Include\libevent\event2\keyvalq_struct.h
		Include\libevent\event2\listener.h = Include\libevent\event2\listener.h
		Include\libevent\event2\rpc.h = Include\libevent\event2\rpc.h
		Include\libevent\event2\rpc_compat.h = Include\libevent\event2\rpc_compat.h
		Include\libevent\event2\rpc_struct.h = Include\libevent\event2\rpc_struct.h
		Include\libevent\event2\tag.h = Include\libevent\event2\tag.h
		Include\libevent\event2\tag_compat.h = Include\libevent\event2\tag_compat.h
		Include\libevent\event2\thread.h = Include\libevent\event2\thread.h
		Include\libevent\event2\util.h = Include\libevent\event2\util.h
	EndProjectSection
EndProject
Project("{2150E333-8FDC-42A3-9474-1A3956D46DE8}") = "librdkafka", "librdkafka", "{A5074F6C-1D06-460D-AB5A-951EB6214D32}"
	ProjectSection(SolutionItems) = preProject
		Include\librdkafka\rdkafka.h = Include\librdkafka\rdkafka.h
		Include\librdkafka\rdkafkacpp.h = Include\librdkafka\rdkafkacpp.h
	EndProjectSection
EndProject
Project("{2150E333-8FDC-42A3-9474-1A3956D46DE8}") = "log4cplus", "log4cplus", "{B1DAE9B5-31E5-45B4-B2BA-4493428B05D7}"
	ProjectSection(SolutionItems) = preProject
		Include\log4cplus\appender.h = Include\log4cplus\appender.h
		Include\log4cplus\asyncappender.h = Include\log4cplus\asyncappender.h
		Include\log4cplus\callbackappender.h = Include\log4cplus\callbackappender.h
		Include\log4cplus\clfsappender.h = Include\log4cplus\clfsappender.h
		Include\log4cplus\clogger.h = Include\log4cplus\clogger.h
		Include\log4cplus\config.h.cmake.in = Include\log4cplus\config.h.cmake.in
		Include\log4cplus\config.h.in = Include\log4cplus\config.h.in
		Include\log4cplus\config.hxx = Include\log4cplus\config.hxx
		Include\log4cplus\configurator.h = Include\log4cplus\configurator.h
		Include\log4cplus\consoleappender.h = Include\log4cplus\consoleappender.h
		Include\log4cplus\fileappender.h = Include\log4cplus\fileappender.h
		Include\log4cplus\fstreams.h = Include\log4cplus\fstreams.h
		Include\log4cplus\hierarchy.h = Include\log4cplus\hierarchy.h
		Include\log4cplus\hierarchylocker.h = Include\log4cplus\hierarchylocker.h
		Include\log4cplus\initializer.h = Include\log4cplus\initializer.h
		Include\log4cplus\layout.h = Include\log4cplus\layout.h
		Include\log4cplus\log4cplus.h = Include\log4cplus\log4cplus.h
		Include\log4cplus\log4judpappender.h = Include\log4cplus\log4judpappender.h
		Include\log4cplus\logger.h = Include\log4cplus\logger.h
		Include\log4cplus\loggingmacros.h = Include\log4cplus\loggingmacros.h
		Include\log4cplus\loglevel.h = Include\log4cplus\loglevel.h
		Include\log4cplus\mdc.h = Include\log4cplus\mdc.h
		Include\log4cplus\msttsappender.h = Include\log4cplus\msttsappender.h
		Include\log4cplus\ndc.h = Include\log4cplus\ndc.h
		Include\log4cplus\nteventlogappender.h = Include\log4cplus\nteventlogappender.h
		Include\log4cplus\nullappender.h = Include\log4cplus\nullappender.h
		Include\log4cplus\qt4debugappender.h = Include\log4cplus\qt4debugappender.h
		Include\log4cplus\qt5debugappender.h = Include\log4cplus\qt5debugappender.h
		Include\log4cplus\socketappender.h = Include\log4cplus\socketappender.h
		Include\log4cplus\streams.h = Include\log4cplus\streams.h
		Include\log4cplus\syslogappender.h = Include\log4cplus\syslogappender.h
		Include\log4cplus\tchar.h = Include\log4cplus\tchar.h
		Include\log4cplus\tracelogger.h = Include\log4cplus\tracelogger.h
		Include\log4cplus\tstring.h = Include\log4cplus\tstring.h
		Include\log4cplus\version.h = Include\log4cplus\version.h
		Include\log4cplus\win32consoleappender.h = Include\log4cplus\win32consoleappender.h
		Include\log4cplus\win32debugappender.h = Include\log4cplus\win32debugappender.h
	EndProjectSection
EndProject
Project("{2150E333-8FDC-42A3-9474-1A3956D46DE8}") = "boost", "boost", "{4326F1C7-8A1E-4592-A918-1D93DF9AC39E}"
	ProjectSection(SolutionItems) = preProject
		Include\log4cplus\boost\deviceappender.hxx = Include\log4cplus\boost\deviceappender.hxx
	EndProjectSection
EndProject
Project("{2150E333-8FDC-42A3-9474-1A3956D46DE8}") = "config", "config", "{E4175F29-D469-4176-8E8E-7E6160074131}"
	ProjectSection(SolutionItems) = preProject
		Include\log4cplus\config\defines.hxx.in = Include\log4cplus\config\defines.hxx.in
		Include\log4cplus\config\macosx.h = Include\log4cplus\config\macosx.h
		Include\log4cplus\config\win32.h = Include\log4cplus\config\win32.h
		Include\log4cplus\config\windowsh-inc-full.h = Include\log4cplus\config\windowsh-inc-full.h
		Include\log4cplus\config\windowsh-inc.h = Include\log4cplus\config\windowsh-inc.h
	EndProjectSection
EndProject
Project("{2150E333-8FDC-42A3-9474-1A3956D46DE8}") = "helpers", "helpers", "{870A7040-9D96-4E8A-92F0-8057AA79AE34}"
	ProjectSection(SolutionItems) = preProject
		Include\log4cplus\helpers\appenderattachableimpl.h = Include\log4cplus\helpers\appenderattachableimpl.h
		Include\log4cplus\helpers\connectorthread.h = Include\log4cplus\helpers\connectorthread.h
		Include\log4cplus\helpers\fileinfo.h = Include\log4cplus\helpers\fileinfo.h
		Include\log4cplus\helpers\lockfile.h = Include\log4cplus\helpers\lockfile.h
		Include\log4cplus\helpers\loglog.h = Include\log4cplus\helpers\loglog.h
		Include\log4cplus\helpers\pointer.h = Include\log4cplus\helpers\pointer.h
		Include\log4cplus\helpers\property.h = Include\log4cplus\helpers\property.h
		Include\log4cplus\helpers\queue.h = Include\log4cplus\helpers\queue.h
		Include\log4cplus\helpers\snprintf.h = Include\log4cplus\helpers\snprintf.h
		Include\log4cplus\helpers\socket.h = Include\log4cplus\helpers\socket.h
		Include\log4cplus\helpers\socketbuffer.h = Include\log4cplus\helpers\socketbuffer.h
		Include\log4cplus\helpers\stringhelper.h = Include\log4cplus\helpers\stringhelper.h
		Include\log4cplus\helpers\thread-config.h = Include\log4cplus\helpers\thread-config.h
		Include\log4cplus\helpers\timehelper.h = Include\log4cplus\helpers\timehelper.h
	EndProjectSection
EndProject
Project("{2150E333-8FDC-42A3-9474-1A3956D46DE8}") = "internal", "internal", "{44BD4C47-87B9-4885-AB70-751A0D44ABFC}"
	ProjectSection(SolutionItems) = preProject
		Include\log4cplus\internal\customloglevelmanager.h = Include\log4cplus\internal\customloglevelmanager.h
		Include\log4cplus\internal\cygwin-win32.h = Include\log4cplus\internal\cygwin-win32.h
		Include\log4cplus\internal\env.h = Include\log4cplus\internal\env.h
		Include\log4cplus\internal\internal.h = Include\log4cplus\internal\internal.h
		Include\log4cplus\internal\socket.h = Include\log4cplus\internal\socket.h
	EndProjectSection
EndProject
Project("{2150E333-8FDC-42A3-9474-1A3956D46DE8}") = "spi", "spi", "{E052FEB9-BA15-4D75-9718-8ECE96E6FA3B}"
	ProjectSection(SolutionItems) = preProject
		Include\log4cplus\spi\appenderattachable.h = Include\log4cplus\spi\appenderattachable.h
		Include\log4cplus\spi\factory.h = Include\log4cplus\spi\factory.h
		Include\log4cplus\spi\filter.h = Include\log4cplus\spi\filter.h
		Include\log4cplus\spi\loggerfactory.h = Include\log4cplus\spi\loggerfactory.h
		Include\log4cplus\spi\loggerimpl.h = Include\log4cplus\spi\loggerimpl.h
		Include\log4cplus\spi\loggingevent.h = Include\log4cplus\spi\loggingevent.h
		Include\log4cplus\spi\objectregistry.h = Include\log4cplus\spi\objectregistry.h
		Include\log4cplus\spi\rootlogger.h = Include\log4cplus\spi\rootlogger.h
	EndProjectSection
EndProject
Project("{2150E333-8FDC-42A3-9474-1A3956D46DE8}") = "thread", "thread", "{255225F7-A3D7-44B2-8F07-1D500317D528}"
	ProjectSection(SolutionItems) = preProject
		Include\log4cplus\thread\syncprims-pub-impl.h = Include\log4cplus\thread\syncprims-pub-impl.h
		Include\log4cplus\thread\syncprims.h = Include\log4cplus\thread\syncprims.h
		Include\log4cplus\thread\threads.h = Include\log4cplus\thread\threads.h
	EndProjectSection
EndProject
Project("{2150E333-8FDC-42A3-9474-1A3956D46DE8}") = "impl", "impl", "{E500F3AA-FEA5-44E1-9499-97CB118D9138}"
	ProjectSection(SolutionItems) = preProject
		Include\log4cplus\thread\impl\syncprims-cxx11.h = Include\log4cplus\thread\impl\syncprims-cxx11.h
		Include\log4cplus\thread\impl\syncprims-impl.h = Include\log4cplus\thread\impl\syncprims-impl.h
		Include\log4cplus\thread\impl\syncprims-pmsm.h = Include\log4cplus\thread\impl\syncprims-pmsm.h
		Include\log4cplus\thread\impl\threads-impl.h = Include\log4cplus\thread\impl\threads-impl.h
		Include\log4cplus\thread\impl\tls.h = Include\log4cplus\thread\impl\tls.h
	EndProjectSection
EndProject
Project("{2150E333-8FDC-42A3-9474-1A3956D46DE8}") = "openssl", "openssl", "{658EDA7D-F10D-478B-B3F6-8EBCCCBC5939}"
	ProjectSection(SolutionItems) = preProject
		Include\openssl\aes.h = Include\openssl\aes.h
		Include\openssl\applink.c = Include\openssl\applink.c
		Include\openssl\asn1.h = Include\openssl\asn1.h
		Include\openssl\asn1_mac.h = Include\openssl\asn1_mac.h
		Include\openssl\asn1t.h = Include\openssl\asn1t.h
		Include\openssl\bio.h = Include\openssl\bio.h
		Include\openssl\blowfish.h = Include\openssl\blowfish.h
		Include\openssl\bn.h = Include\openssl\bn.h
		Include\openssl\buffer.h = Include\openssl\buffer.h
		Include\openssl\camellia.h = Include\openssl\camellia.h
		Include\openssl\cast.h = Include\openssl\cast.h
		Include\openssl\cmac.h = Include\openssl\cmac.h
		Include\openssl\cms.h = Include\openssl\cms.h
		Include\openssl\comp.h = Include\openssl\comp.h
		Include\openssl\conf.h = Include\openssl\conf.h
		Include\openssl\conf_api.h = Include\openssl\conf_api.h
		Include\openssl\crypto.h = Include\openssl\crypto.h
		Include\openssl\des.h = Include\openssl\des.h
		Include\openssl\des_old.h = Include\openssl\des_old.h
		Include\openssl\dh.h = Include\openssl\dh.h
		Include\openssl\dsa.h = Include\openssl\dsa.h
		Include\openssl\dso.h = Include\openssl\dso.h
		Include\openssl\dtls1.h = Include\openssl\dtls1.h
		Include\openssl\e_os2.h = Include\openssl\e_os2.h
		Include\openssl\ebcdic.h = Include\openssl\ebcdic.h
		Include\openssl\ec.h = Include\openssl\ec.h
		Include\openssl\ecdh.h = Include\openssl\ecdh.h
		Include\openssl\ecdsa.h = Include\openssl\ecdsa.h
		Include\openssl\engine.h = Include\openssl\engine.h
		Include\openssl\err.h = Include\openssl\err.h
		Include\openssl\evp.h = Include\openssl\evp.h
		Include\openssl\hmac.h = Include\openssl\hmac.h
		Include\openssl\idea.h = Include\openssl\idea.h
		Include\openssl\krb5_asn.h = Include\openssl\krb5_asn.h
		Include\openssl\kssl.h = Include\openssl\kssl.h
		Include\openssl\lhash.h = Include\openssl\lhash.h
		Include\openssl\md4.h = Include\openssl\md4.h
		Include\openssl\md5.h = Include\openssl\md5.h
		Include\openssl\mdc2.h = Include\openssl\mdc2.h
		Include\openssl\modes.h = Include\openssl\modes.h
		Include\openssl\obj_mac.h = Include\openssl\obj_mac.h
		Include\openssl\objects.h = Include\openssl\objects.h
		Include\openssl\ocsp.h = Include\openssl\ocsp.h
		Include\openssl\opensslconf.h = Include\openssl\opensslconf.h
		Include\openssl\opensslv.h = Include\openssl\opensslv.h
		Include\openssl\ossl_typ.h = Include\openssl\ossl_typ.h
		Include\openssl\pem.h = Include\openssl\pem.h
		Include\openssl\pem2.h = Include\openssl\pem2.h
		Include\openssl\pkcs12.h = Include\openssl\pkcs12.h
		Include\openssl\pkcs7.h = Include\openssl\pkcs7.h
		Include\openssl\pqueue.h = Include\openssl\pqueue.h
		Include\openssl\rand.h = Include\openssl\rand.h
		Include\openssl\rc2.h = Include\openssl\rc2.h
		Include\openssl\rc4.h = Include\openssl\rc4.h
		Include\openssl\ripemd.h = Include\openssl\ripemd.h
		Include\openssl\rsa.h = Include\openssl\rsa.h
		Include\openssl\safestack.h = Include\openssl\safestack.h
		Include\openssl\seed.h = Include\openssl\seed.h
		Include\openssl\sha.h = Include\openssl\sha.h
		Include\openssl\srp.h = Include\openssl\srp.h
		Include\openssl\srtp.h = Include\openssl\srtp.h
		Include\openssl\ssl.h = Include\openssl\ssl.h
		Include\openssl\ssl2.h = Include\openssl\ssl2.h
		Include\openssl\ssl23.h = Include\openssl\ssl23.h
		Include\openssl\ssl3.h = Include\openssl\ssl3.h
		Include\openssl\stack.h = Include\openssl\stack.h
		Include\openssl\symhacks.h = Include\openssl\symhacks.h
		Include\openssl\tls1.h = Include\openssl\tls1.h
		Include\openssl\ts.h = Include\openssl\ts.h
		Include\openssl\txt_db.h = Include\openssl\txt_db.h
		Include\openssl\ui.h = Include\openssl\ui.h
		Include\openssl\ui_compat.h = Include\openssl\ui_compat.h
		Include\openssl\whrlpool.h = Include\openssl\whrlpool.h
		Include\openssl\x509.h = Include\openssl\x509.h
		Include\openssl\x509_vfy.h = Include\openssl\x509_vfy.h
		Include\openssl\x509v3.h = Include\openssl\x509v3.h
	EndProjectSection
EndProject
Project("{8BC9CEB8-8B4A-11D0-8D11-00A0C91BC942}") = "DatabaseTester", "DatabaseTester\DatabaseTester.vcxproj", "{E8E9118A-6EC4-49EB-8B9A-2713889E3D8E}"
	ProjectSection(ProjectDependencies) = postProject
		{BFC76A55-9B6C-46F9-BBB7-DDF1F028466E} = {BFC76A55-9B6C-46F9-BBB7-DDF1F028466E}
	EndProjectSection
EndProject
Project("{8BC9CEB8-8B4A-11D0-8D11-00A0C91BC942}") = "RedisClientTester", "RedisClientTester\RedisClientTester.vcxproj", "{FA379BA2-FE24-48CE-B917-3E27F7D6AD5B}"
	ProjectSection(ProjectDependencies) = postProject
		{BFC76A55-9B6C-46F9-BBB7-DDF1F028466E} = {BFC76A55-9B6C-46F9-BBB7-DDF1F028466E}
	EndProjectSection
EndProject
Project("{8BC9CEB8-8B4A-11D0-8D11-00A0C91BC942}") = "SerializeTester", "SerializeTester\SerializeTester.vcxproj", "{6721B4BD-D647-4FC3-8B44-B0273F9B18DC}"
	ProjectSection(ProjectDependencies) = postProject
		{BFC76A55-9B6C-46F9-BBB7-DDF1F028466E} = {BFC76A55-9B6C-46F9-BBB7-DDF1F028466E}
	EndProjectSection
EndProject
Project("{8BC9CEB8-8B4A-11D0-8D11-00A0C91BC942}") = "ReflectionTester", "ReflectionTester\ReflectionTester.vcxproj", "{1657C038-2B63-4C7A-A9D2-61983E2F8570}"
	ProjectSection(ProjectDependencies) = postProject
		{BFC76A55-9B6C-46F9-BBB7-DDF1F028466E} = {BFC76A55-9B6C-46F9-BBB7-DDF1F028466E}
	EndProjectSection
EndProject
Project("{8BC9CEB8-8B4A-11D0-8D11-00A0C91BC942}") = "ExceptionTester", "ExceptionTester\ExceptionTester.vcxproj", "{5887E9EA-9AD9-4B4E-A11A-6A9063FB9221}"
	ProjectSection(ProjectDependencies) = postProject
		{BFC76A55-9B6C-46F9-BBB7-DDF1F028466E} = {BFC76A55-9B6C-46F9-BBB7-DDF1F028466E}
	EndProjectSection
EndProject
Project("{2150E333-8FDC-42A3-9474-1A3956D46DE8}") = "cpp_redis", "cpp_redis", "{F5083F82-7826-4633-B075-A7D078E8B1A9}"
	ProjectSection(SolutionItems) = preProject
		Include\cpp_redis\cpp_redis = Include\cpp_redis\cpp_redis
	EndProjectSection
EndProject
Project("{2150E333-8FDC-42A3-9474-1A3956D46DE8}") = "builders", "builders", "{F3547547-7839-43BE-A552-FDFC8C4A9ED3}"
	ProjectSection(SolutionItems) = preProject
		Include\cpp_redis\builders\array_builder.hpp = Include\cpp_redis\builders\array_builder.hpp
		Include\cpp_redis\builders\builder_iface.hpp = Include\cpp_redis\builders\builder_iface.hpp
		Include\cpp_redis\builders\builders_factory.hpp = Include\cpp_redis\builders\builders_factory.hpp
		Include\cpp_redis\builders\bulk_string_builder.hpp = Include\cpp_redis\builders\bulk_string_builder.hpp
		Include\cpp_redis\builders\error_builder.hpp = Include\cpp_redis\builders\error_builder.hpp
		Include\cpp_redis\builders\integer_builder.hpp = Include\cpp_redis\builders\integer_builder.hpp
		Include\cpp_redis\builders\reply_builder.hpp = Include\cpp_redis\builders\reply_builder.hpp
		Include\cpp_redis\builders\simple_string_builder.hpp = Include\cpp_redis\builders\simple_string_builder.hpp
	EndProjectSection
EndProject
Project("{2150E333-8FDC-42A3-9474-1A3956D46DE8}") = "core", "core", "{A5B455D2-36BC-43E0-A900-EBC4878F2AC2}"
	ProjectSection(SolutionItems) = preProject
		Include\cpp_redis\core\client.hpp = Include\cpp_redis\core\client.hpp
		Include\cpp_redis\core\reply.hpp = Include\cpp_redis\core\reply.hpp
		Include\cpp_redis\core\sentinel.hpp = Include\cpp_redis\core\sentinel.hpp
		Include\cpp_redis\core\subscriber.hpp = Include\cpp_redis\core\subscriber.hpp
	EndProjectSection
EndProject
Project("{2150E333-8FDC-42A3-9474-1A3956D46DE8}") = "helpers", "helpers", "{39BEB30A-3053-41DA-A6D6-635AD3C33DFB}"
	ProjectSection(SolutionItems) = preProject
		Include\cpp_redis\helpers\variadic_template.hpp = Include\cpp_redis\helpers\variadic_template.hpp
	EndProjectSection
EndProject
Project("{2150E333-8FDC-42A3-9474-1A3956D46DE8}") = "impl", "impl", "{C0CBC4D4-531F-4473-A860-E2326A6332D3}"
	ProjectSection(SolutionItems) = preProject
		Include\cpp_redis\impl\client.ipp = Include\cpp_redis\impl\client.ipp
	EndProjectSection
EndProject
Project("{2150E333-8FDC-42A3-9474-1A3956D46DE8}") = "misc", "misc", "{735B5F1F-0589-4EDD-AE2F-F978755D8616}"
	ProjectSection(SolutionItems) = preProject
		Include\cpp_redis\misc\error.hpp = Include\cpp_redis\misc\error.hpp
		Include\cpp_redis\misc\logger.hpp = Include\cpp_redis\misc\logger.hpp
		Include\cpp_redis\misc\macro.hpp = Include\cpp_redis\misc\macro.hpp
	EndProjectSection
EndProject
Project("{2150E333-8FDC-42A3-9474-1A3956D46DE8}") = "network", "network", "{AD1B1CC2-520E-4A6F-8130-7CDB72907DDF}"
	ProjectSection(SolutionItems) = preProject
		Include\cpp_redis\network\redis_connection.hpp = Include\cpp_redis\network\redis_connection.hpp
		Include\cpp_redis\network\tcp_client.hpp = Include\cpp_redis\network\tcp_client.hpp
		Include\cpp_redis\network\tcp_client_iface.hpp = Include\cpp_redis\network\tcp_client_iface.hpp
	EndProjectSection
EndProject
Project("{2150E333-8FDC-42A3-9474-1A3956D46DE8}") = "tacopie", "tacopie", "{313D1607-6431-4854-865F-964E359616EE}"
	ProjectSection(SolutionItems) = preProject
		Include\tacopie\tacopie = Include\tacopie\tacopie
	EndProjectSection
EndProject
Project("{2150E333-8FDC-42A3-9474-1A3956D46DE8}") = "network", "network", "{D4582F7E-D344-4A89-8B7F-ACD4E307BCAE}"
	ProjectSection(SolutionItems) = preProject
		Include\tacopie\network\io_service.hpp = Include\tacopie\network\io_service.hpp
		Include\tacopie\network\self_pipe.hpp = Include\tacopie\network\self_pipe.hpp
		Include\tacopie\network\tcp_client.hpp = Include\tacopie\network\tcp_client.hpp
		Include\tacopie\network\tcp_server.hpp = Include\tacopie\network\tcp_server.hpp
		Include\tacopie\network\tcp_socket.hpp = Include\tacopie\network\tcp_socket.hpp
	EndProjectSection
EndProject
Project("{2150E333-8FDC-42A3-9474-1A3956D46DE8}") = "utils", "utils", "{E0790F03-18BC-4735-A6B1-227917989208}"
	ProjectSection(SolutionItems) = preProject
		Include\tacopie\utils\error.hpp = Include\tacopie\utils\error.hpp
		Include\tacopie\utils\logger.hpp = Include\tacopie\utils\logger.hpp
		Include\tacopie\utils\thread_pool.hpp = Include\tacopie\utils\thread_pool.hpp
		Include\tacopie\utils\typedefs.hpp = Include\tacopie\utils\typedefs.hpp
	EndProjectSection
EndProject
Global
	GlobalSection(SolutionConfigurationPlatforms) = preSolution
		Debug|x64 = Debug|x64
		Debug|x86 = Debug|x86
		Release|x64 = Release|x64
		Release|x86 = Release|x86
	EndGlobalSection
	GlobalSection(ProjectConfigurationPlatforms) = postSolution
		{9D981433-58B9-46A2-B490-D9B2CD21C360}.Debug|x64.ActiveCfg = Debug|x64
		{9D981433-58B9-46A2-B490-D9B2CD21C360}.Debug|x64.Build.0 = Debug|x64
		{9D981433-58B9-46A2-B490-D9B2CD21C360}.Debug|x86.ActiveCfg = Debug|Win32
		{9D981433-58B9-46A2-B490-D9B2CD21C360}.Debug|x86.Build.0 = Debug|Win32
		{9D981433-58B9-46A2-B490-D9B2CD21C360}.Release|x64.ActiveCfg = Release|x64
		{9D981433-58B9-46A2-B490-D9B2CD21C360}.Release|x64.Build.0 = Release|x64
		{9D981433-58B9-46A2-B490-D9B2CD21C360}.Release|x86.ActiveCfg = Release|Win32
		{9D981433-58B9-46A2-B490-D9B2CD21C360}.Release|x86.Build.0 = Release|Win32
		{792B603B-64E5-4516-A0C8-C33724501984}.Debug|x64.ActiveCfg = Debug|x64
		{792B603B-64E5-4516-A0C8-C33724501984}.Debug|x64.Build.0 = Debug|x64
		{792B603B-64E5-4516-A0C8-C33724501984}.Debug|x86.ActiveCfg = Debug|Win32
		{792B603B-64E5-4516-A0C8-C33724501984}.Debug|x86.Build.0 = Debug|Win32
		{792B603B-64E5-4516-A0C8-C33724501984}.Release|x64.ActiveCfg = Release|x64
		{792B603B-64E5-4516-A0C8-C33724501984}.Release|x64.Build.0 = Release|x64
		{792B603B-64E5-4516-A0C8-C33724501984}.Release|x86.ActiveCfg = Release|Win32
		{792B603B-64E5-4516-A0C8-C33724501984}.Release|x86.Build.0 = Release|Win32
		{08F6E6A5-4557-4875-8E27-AE8FC174C8CE}.Debug|x64.ActiveCfg = Debug|x64
		{08F6E6A5-4557-4875-8E27-AE8FC174C8CE}.Debug|x64.Build.0 = Debug|x64
		{08F6E6A5-4557-4875-8E27-AE8FC174C8CE}.Debug|x86.ActiveCfg = Debug|Win32
		{08F6E6A5-4557-4875-8E27-AE8FC174C8CE}.Debug|x86.Build.0 = Debug|Win32
		{08F6E6A5-4557-4875-8E27-AE8FC174C8CE}.Release|x64.ActiveCfg = Release|x64
		{08F6E6A5-4557-4875-8E27-AE8FC174C8CE}.Release|x64.Build.0 = Release|x64
		{08F6E6A5-4557-4875-8E27-AE8FC174C8CE}.Release|x86.ActiveCfg = Release|Win32
		{08F6E6A5-4557-4875-8E27-AE8FC174C8CE}.Release|x86.Build.0 = Release|Win32
		{2A1E3EBD-9131-41D6-9F03-EDC398E1E5CA}.Debug|x64.ActiveCfg = Debug|x64
		{2A1E3EBD-9131-41D6-9F03-EDC398E1E5CA}.Debug|x64.Build.0 = Debug|x64
		{2A1E3EBD-9131-41D6-9F03-EDC398E1E5CA}.Debug|x86.ActiveCfg = Debug|Win32
		{2A1E3EBD-9131-41D6-9F03-EDC398E1E5CA}.Debug|x86.Build.0 = Debug|Win32
		{2A1E3EBD-9131-41D6-9F03-EDC398E1E5CA}.Release|x64.ActiveCfg = Release|x64
		{2A1E3EBD-9131-41D6-9F03-EDC398E1E5CA}.Release|x64.Build.0 = Release|x64
		{2A1E3EBD-9131-41D6-9F03-EDC398E1E5CA}.Release|x86.ActiveCfg = Release|Win32
		{2A1E3EBD-9131-41D6-9F03-EDC398E1E5CA}.Release|x86.Build.0 = Release|Win32
		{BFC76A55-9B6C-46F9-BBB7-DDF1F028466E}.Debug|x64.ActiveCfg = Debug|x64
		{BFC76A55-9B6C-46F9-BBB7-DDF1F028466E}.Debug|x64.Build.0 = Debug|x64
		{BFC76A55-9B6C-46F9-BBB7-DDF1F028466E}.Debug|x86.ActiveCfg = Debug|Win32
		{BFC76A55-9B6C-46F9-BBB7-DDF1F028466E}.Debug|x86.Build.0 = Debug|Win32
		{BFC76A55-9B6C-46F9-BBB7-DDF1F028466E}.Release|x64.ActiveCfg = Release|x64
		{BFC76A55-9B6C-46F9-BBB7-DDF1F028466E}.Release|x64.Build.0 = Release|x64
		{BFC76A55-9B6C-46F9-BBB7-DDF1F028466E}.Release|x86.ActiveCfg = Release|Win32
		{BFC76A55-9B6C-46F9-BBB7-DDF1F028466E}.Release|x86.Build.0 = Release|Win32
		{4AEEBCFB-70CC-4579-9EA8-FFE949077FFE}.Debug|x64.ActiveCfg = Debug|x64
		{4AEEBCFB-70CC-4579-9EA8-FFE949077FFE}.Debug|x64.Build.0 = Debug|x64
		{4AEEBCFB-70CC-4579-9EA8-FFE949077FFE}.Debug|x86.ActiveCfg = Debug|Win32
		{4AEEBCFB-70CC-4579-9EA8-FFE949077FFE}.Debug|x86.Build.0 = Debug|Win32
		{4AEEBCFB-70CC-4579-9EA8-FFE949077FFE}.Release|x64.ActiveCfg = Release|x64
		{4AEEBCFB-70CC-4579-9EA8-FFE949077FFE}.Release|x64.Build.0 = Release|x64
		{4AEEBCFB-70CC-4579-9EA8-FFE949077FFE}.Release|x86.ActiveCfg = Release|Win32
		{4AEEBCFB-70CC-4579-9EA8-FFE949077FFE}.Release|x86.Build.0 = Release|Win32
		{7316FF0C-5638-4FA7-AB92-0DCB439926EB}.Debug|x64.ActiveCfg = Debug|x64
		{7316FF0C-5638-4FA7-AB92-0DCB439926EB}.Debug|x64.Build.0 = Debug|x64
		{7316FF0C-5638-4FA7-AB92-0DCB439926EB}.Debug|x86.ActiveCfg = Debug|Win32
		{7316FF0C-5638-4FA7-AB92-0DCB439926EB}.Debug|x86.Build.0 = Debug|Win32
		{7316FF0C-5638-4FA7-AB92-0DCB439926EB}.Release|x64.ActiveCfg = Release|x64
		{7316FF0C-5638-4FA7-AB92-0DCB439926EB}.Release|x64.Build.0 = Release|x64
		{7316FF0C-5638-4FA7-AB92-0DCB439926EB}.Release|x86.ActiveCfg = Release|Win32
		{7316FF0C-5638-4FA7-AB92-0DCB439926EB}.Release|x86.Build.0 = Release|Win32
		{E0346872-7860-4B26-9308-9E6558DCF6E7}.Debug|x64.ActiveCfg = Debug|x64
		{E0346872-7860-4B26-9308-9E6558DCF6E7}.Debug|x64.Build.0 = Debug|x64
		{E0346872-7860-4B26-9308-9E6558DCF6E7}.Debug|x86.ActiveCfg = Debug|Win32
		{E0346872-7860-4B26-9308-9E6558DCF6E7}.Debug|x86.Build.0 = Debug|Win32
		{E0346872-7860-4B26-9308-9E6558DCF6E7}.Release|x64.ActiveCfg = Release|x64
		{E0346872-7860-4B26-9308-9E6558DCF6E7}.Release|x64.Build.0 = Release|x64
		{E0346872-7860-4B26-9308-9E6558DCF6E7}.Release|x86.ActiveCfg = Release|Win32
		{E0346872-7860-4B26-9308-9E6558DCF6E7}.Release|x86.Build.0 = Release|Win32
		{0F06178D-D63E-44B1-A071-DB3270063202}.Debug|x64.ActiveCfg = Debug|x64
		{0F06178D-D63E-44B1-A071-DB3270063202}.Debug|x64.Build.0 = Debug|x64
		{0F06178D-D63E-44B1-A071-DB3270063202}.Debug|x86.ActiveCfg = Debug|Win32
		{0F06178D-D63E-44B1-A071-DB3270063202}.Debug|x86.Build.0 = Debug|Win32
		{0F06178D-D63E-44B1-A071-DB3270063202}.Release|x64.ActiveCfg = Release|x64
		{0F06178D-D63E-44B1-A071-DB3270063202}.Release|x64.Build.0 = Release|x64
		{0F06178D-D63E-44B1-A071-DB3270063202}.Release|x86.ActiveCfg = Release|Win32
		{0F06178D-D63E-44B1-A071-DB3270063202}.Release|x86.Build.0 = Release|Win32
		{E8E9118A-6EC4-49EB-8B9A-2713889E3D8E}.Debug|x64.ActiveCfg = Debug|x64
		{E8E9118A-6EC4-49EB-8B9A-2713889E3D8E}.Debug|x64.Build.0 = Debug|x64
		{E8E9118A-6EC4-49EB-8B9A-2713889E3D8E}.Debug|x86.ActiveCfg = Debug|Win32
		{E8E9118A-6EC4-49EB-8B9A-2713889E3D8E}.Debug|x86.Build.0 = Debug|Win32
		{E8E9118A-6EC4-49EB-8B9A-2713889E3D8E}.Release|x64.ActiveCfg = Release|x64
		{E8E9118A-6EC4-49EB-8B9A-2713889E3D8E}.Release|x64.Build.0 = Release|x64
		{E8E9118A-6EC4-49EB-8B9A-2713889E3D8E}.Release|x86.ActiveCfg = Release|Win32
		{E8E9118A-6EC4-49EB-8B9A-2713889E3D8E}.Release|x86.Build.0 = Release|Win32
		{FA379BA2-FE24-48CE-B917-3E27F7D6AD5B}.Debug|x64.ActiveCfg = Debug|x64
		{FA379BA2-FE24-48CE-B917-3E27F7D6AD5B}.Debug|x64.Build.0 = Debug|x64
		{FA379BA2-FE24-48CE-B917-3E27F7D6AD5B}.Debug|x86.ActiveCfg = Debug|Win32
		{FA379BA2-FE24-48CE-B917-3E27F7D6AD5B}.Debug|x86.Build.0 = Debug|Win32
		{FA379BA2-FE24-48CE-B917-3E27F7D6AD5B}.Release|x64.ActiveCfg = Release|x64
		{FA379BA2-FE24-48CE-B917-3E27F7D6AD5B}.Release|x64.Build.0 = Release|x64
		{FA379BA2-FE24-48CE-B917-3E27F7D6AD5B}.Release|x86.ActiveCfg = Release|Win32
		{FA379BA2-FE24-48CE-B917-3E27F7D6AD5B}.Release|x86.Build.0 = Release|Win32
		{6721B4BD-D647-4FC3-8B44-B0273F9B18DC}.Debug|x64.ActiveCfg = Debug|x64
		{6721B4BD-D647-4FC3-8B44-B0273F9B18DC}.Debug|x64.Build.0 = Debug|x64
		{6721B4BD-D647-4FC3-8B44-B0273F9B18DC}.Debug|x86.ActiveCfg = Debug|Win32
		{6721B4BD-D647-4FC3-8B44-B0273F9B18DC}.Debug|x86.Build.0 = Debug|Win32
		{6721B4BD-D647-4FC3-8B44-B0273F9B18DC}.Release|x64.ActiveCfg = Release|x64
		{6721B4BD-D647-4FC3-8B44-B0273F9B18DC}.Release|x64.Build.0 = Release|x64
		{6721B4BD-D647-4FC3-8B44-B0273F9B18DC}.Release|x86.ActiveCfg = Release|Win32
		{6721B4BD-D647-4FC3-8B44-B0273F9B18DC}.Release|x86.Build.0 = Release|Win32
		{1657C038-2B63-4C7A-A9D2-61983E2F8570}.Debug|x64.ActiveCfg = Debug|x64
		{1657C038-2B63-4C7A-A9D2-61983E2F8570}.Debug|x64.Build.0 = Debug|x64
		{1657C038-2B63-4C7A-A9D2-61983E2F8570}.Debug|x86.ActiveCfg = Debug|Win32
		{1657C038-2B63-4C7A-A9D2-61983E2F8570}.Debug|x86.Build.0 = Debug|Win32
		{1657C038-2B63-4C7A-A9D2-61983E2F8570}.Release|x64.ActiveCfg = Release|x64
		{1657C038-2B63-4C7A-A9D2-61983E2F8570}.Release|x64.Build.0 = Release|x64
		{1657C038-2B63-4C7A-A9D2-61983E2F8570}.Release|x86.ActiveCfg = Release|Win32
		{1657C038-2B63-4C7A-A9D2-61983E2F8570}.Release|x86.Build.0 = Release|Win32
		{5887E9EA-9AD9-4B4E-A11A-6A9063FB9221}.Debug|x64.ActiveCfg = Debug|x64
		{5887E9EA-9AD9-4B4E-A11A-6A9063FB9221}.Debug|x64.Build.0 = Debug|x64
		{5887E9EA-9AD9-4B4E-A11A-6A9063FB9221}.Debug|x86.ActiveCfg = Debug|Win32
		{5887E9EA-9AD9-4B4E-A11A-6A9063FB9221}.Debug|x86.Build.0 = Debug|Win32
		{5887E9EA-9AD9-4B4E-A11A-6A9063FB9221}.Release|x64.ActiveCfg = Release|x64
		{5887E9EA-9AD9-4B4E-A11A-6A9063FB9221}.Release|x64.Build.0 = Release|x64
		{5887E9EA-9AD9-4B4E-A11A-6A9063FB9221}.Release|x86.ActiveCfg = Release|Win32
		{5887E9EA-9AD9-4B4E-A11A-6A9063FB9221}.Release|x86.Build.0 = Release|Win32
	EndGlobalSection
	GlobalSection(SolutionProperties) = preSolution
		HideSolutionNode = FALSE
	EndGlobalSection
	GlobalSection(NestedProjects) = preSolution
		{A6E99907-5B27-4C35-BC9E-2008D3F477E7} = {485F6363-FE32-46DE-A1CD-536333869F60}
		{198FA059-ED73-46CA-A61C-1F449A914E87} = {485F6363-FE32-46DE-A1CD-536333869F60}
		{557479E6-F59A-402A-B288-591FE88F647F} = {AD7C5A58-DA3E-4E22-9F04-8B2C39D8537C}
		{57556F2C-BDB0-4CA0-856B-225401CCC896} = {557479E6-F59A-402A-B288-591FE88F647F}
		{A5074F6C-1D06-460D-AB5A-951EB6214D32} = {AD7C5A58-DA3E-4E22-9F04-8B2C39D8537C}
		{B1DAE9B5-31E5-45B4-B2BA-4493428B05D7} = {AD7C5A58-DA3E-4E22-9F04-8B2C39D8537C}
		{4326F1C7-8A1E-4592-A918-1D93DF9AC39E} = {B1DAE9B5-31E5-45B4-B2BA-4493428B05D7}
		{E4175F29-D469-4176-8E8E-7E6160074131} = {B1DAE9B5-31E5-45B4-B2BA-4493428B05D7}
		{870A7040-9D96-4E8A-92F0-8057AA79AE34} = {B1DAE9B5-31E5-45B4-B2BA-4493428B05D7}
		{44BD4C47-87B9-4885-AB70-751A0D44ABFC} = {B1DAE9B5-31E5-45B4-B2BA-4493428B05D7}
		{E052FEB9-BA15-4D75-9718-8ECE96E6FA3B} = {B1DAE9B5-31E5-45B4-B2BA-4493428B05D7}
		{255225F7-A3D7-44B2-8F07-1D500317D528} = {B1DAE9B5-31E5-45B4-B2BA-4493428B05D7}
		{E500F3AA-FEA5-44E1-9499-97CB118D9138} = {255225F7-A3D7-44B2-8F07-1D500317D528}
		{658EDA7D-F10D-478B-B3F6-8EBCCCBC5939} = {AD7C5A58-DA3E-4E22-9F04-8B2C39D8537C}
		{F5083F82-7826-4633-B075-A7D078E8B1A9} = {AD7C5A58-DA3E-4E22-9F04-8B2C39D8537C}
		{F3547547-7839-43BE-A552-FDFC8C4A9ED3} = {F5083F82-7826-4633-B075-A7D078E8B1A9}
		{A5B455D2-36BC-43E0-A900-EBC4878F2AC2} = {F5083F82-7826-4633-B075-A7D078E8B1A9}
		{39BEB30A-3053-41DA-A6D6-635AD3C33DFB} = {F5083F82-7826-4633-B075-A7D078E8B1A9}
		{C0CBC4D4-531F-4473-A860-E2326A6332D3} = {F5083F82-7826-4633-B075-A7D078E8B1A9}
		{735B5F1F-0589-4EDD-AE2F-F978755D8616} = {F5083F82-7826-4633-B075-A7D078E8B1A9}
		{AD1B1CC2-520E-4A6F-8130-7CDB72907DDF} = {F5083F82-7826-4633-B075-A7D078E8B1A9}
		{313D1607-6431-4854-865F-964E359616EE} = {AD7C5A58-DA3E-4E22-9F04-8B2C39D8537C}
		{D4582F7E-D344-4A89-8B7F-ACD4E307BCAE} = {313D1607-6431-4854-865F-964E359616EE}
		{E0790F03-18BC-4735-A6B1-227917989208} = {313D1607-6431-4854-865F-964E359616EE}
	EndGlobalSection
EndGlobal
