<?xml version="1.0" encoding="utf-8"?>
<Project ToolsVersion="4.0" xmlns="http://schemas.microsoft.com/developer/msbuild/2003">
  <ItemGroup>
    <ClInclude Include="IO\Directory.h">
      <Filter>IO</Filter>
    </ClInclude>
    <ClInclude Include="IO\DirectoryInfo.h">
      <Filter>IO</Filter>
    </ClInclude>
    <ClInclude Include="IO\Encoding.h">
      <Filter>IO</Filter>
    </ClInclude>
    <ClInclude Include="IO\File.h">
      <Filter>IO</Filter>
    </ClInclude>
    <ClInclude Include="IO\FileAccess.h">
      <Filter>IO</Filter>
    </ClInclude>
    <ClInclude Include="IO\FileInfo.h">
      <Filter>IO</Filter>
    </ClInclude>
    <ClInclude Include="IO\FileMode.h">
      <Filter>IO</Filter>
    </ClInclude>
    <ClInclude Include="IO\FileStream.h">
      <Filter>IO</Filter>
    </ClInclude>
    <ClInclude Include="Threading\Runnable.h">
      <Filter>Threading</Filter>
    </ClInclude>
    <ClInclude Include="Threading\Thread.h">
      <Filter>Threading</Filter>
    </ClInclude>
    <ClInclude Include="Threading\ThreadPool.h">
      <Filter>Threading</Filter>
    </ClInclude>
    <ClInclude Include="Net\Dns.h">
      <Filter>Net</Filter>
    </ClInclude>
    <ClInclude Include="Net\EndPoint.h">
      <Filter>Net</Filter>
    </ClInclude>
    <ClInclude Include="Net\IPAddress.h">
      <Filter>Net</Filter>
    </ClInclude>
    <ClInclude Include="Net\IPEndPoint.h">
      <Filter>Net</Filter>
    </ClInclude>
    <ClInclude Include="Net\SimpleTcpClient.h">
      <Filter>Net</Filter>
    </ClInclude>
    <ClInclude Include="Net\SimpleTcpListener.h">
      <Filter>Net</Filter>
    </ClInclude>
    <ClInclude Include="Net\TcpClient.h">
      <Filter>Net</Filter>
    </ClInclude>
    <ClInclude Include="Net\TcpListener.h">
      <Filter>Net</Filter>
    </ClInclude>
    <ClInclude Include="Logger\CLogger.h">
      <Filter>Logger</Filter>
    </ClInclude>
    <ClInclude Include="Net\Sockets\AddressFamily.h">
      <Filter>Net\Sockets</Filter>
    </ClInclude>
    <ClInclude Include="Net\Sockets\ProtocolType.h">
      <Filter>Net\Sockets</Filter>
    </ClInclude>
    <ClInclude Include="Net\Sockets\SelectMode.h">
      <Filter>Net\Sockets</Filter>
    </ClInclude>
    <ClInclude Include="Net\Sockets\Socket.h">
      <Filter>Net\Sockets</Filter>
    </ClInclude>
    <ClInclude Include="Net\Sockets\SocketOptionLevel.h">
      <Filter>Net\Sockets</Filter>
    </ClInclude>
    <ClInclude Include="Net\Sockets\SocketOptionName.h">
      <Filter>Net\Sockets</Filter>
    </ClInclude>
    <ClInclude Include="Net\Sockets\SocketType.h">
      <Filter>Net\Sockets</Filter>
    </ClInclude>
    <ClInclude Include="Net\Sockets\SocketInclude.h">
      <Filter>Net\Sockets</Filter>
    </ClInclude>
    <ClInclude Include="IO\Stream.h">
      <Filter>IO</Filter>
    </ClInclude>
    <ClInclude Include="Net\Sockets\NetworkStream.h">
      <Filter>Net\Sockets</Filter>
    </ClInclude>
    <ClInclude Include="IO\SeekOrigin.h">
      <Filter>IO</Filter>
    </ClInclude>
    <ClInclude Include="Net\Sockets\SocketAsyncEventArgs.h">
      <Filter>Net\Sockets</Filter>
    </ClInclude>
    <ClInclude Include="Application.h">
      <Filter>System</Filter>
    </ClInclude>
    <ClInclude Include="EventArgs.h">
      <Filter>System</Filter>
    </ClInclude>
    <ClInclude Include="IDisposable.h">
      <Filter>System</Filter>
    </ClInclude>
    <ClInclude Include="Object.h">
      <Filter>System</Filter>
    </ClInclude>
    <ClInclude Include="EventHandler.h">
      <Filter>System</Filter>
    </ClInclude>
    <ClInclude Include="DateTimes\Date.h">
      <Filter>DateTimes</Filter>
    </ClInclude>
    <ClInclude Include="DateTimes\Duration.h">
      <Filter>DateTimes</Filter>
    </ClInclude>
    <ClInclude Include="DateTimes\Time.h">
      <Filter>DateTimes</Filter>
    </ClInclude>
    <ClInclude Include="DateTimes\Timestamp.h">
      <Filter>DateTimes</Filter>
    </ClInclude>
    <ClInclude Include="DateTimes\DateTime.h">
      <Filter>DateTimes</Filter>
    </ClInclude>
    <ClInclude Include="IO\FileSystemInfo.h">
      <Filter>IO</Filter>
    </ClInclude>
    <ClInclude Include="DllExport.h">
      <Filter>System</Filter>
    </ClInclude>
    <ClInclude Include="IO\BufferedStream.h">
      <Filter>IO</Filter>
    </ClInclude>
    <ClInclude Include="ArgumentException.h">
      <Filter>Exceptions</Filter>
    </ClInclude>
    <ClInclude Include="Exception.h">
      <Filter>Exceptions</Filter>
    </ClInclude>
    <ClInclude Include="NotSupportedException.h">
      <Filter>Exceptions</Filter>
    </ClInclude>
    <ClInclude Include="ExceptionId.h">
      <Filter>Exceptions</Filter>
    </ClInclude>
    <ClInclude Include="ArgumentOutOfRangeException.h">
      <Filter>Exceptions</Filter>
    </ClInclude>
    <ClInclude Include="ArgumentNullException.h">
      <Filter>Exceptions</Filter>
    </ClInclude>
    <ClInclude Include="InvalidOperationException.h">
      <Filter>Exceptions</Filter>
    </ClInclude>
    <ClInclude Include="IOException.h">
      <Filter>Exceptions</Filter>
    </ClInclude>
    <ClInclude Include="HCN\Events.h">
      <Filter>HCN\Events</Filter>
    </ClInclude>
    <ClInclude Include="HCN\TcpAcceptEventArgs.h">
      <Filter>HCN\Events</Filter>
    </ClInclude>
    <ClInclude Include="HCN\TcpReceiveEventArgs.h">
      <Filter>HCN\Events</Filter>
    </ClInclude>
    <ClInclude Include="HCN\TcpSelectErrorEventArgs.h">
      <Filter>HCN\Events</Filter>
    </ClInclude>
    <ClInclude Include="HCN\TcpSendEventArgs.h">
      <Filter>HCN\Events</Filter>
    </ClInclude>
    <ClInclude Include="HCN\TcpStartEventArgs.h">
      <Filter>HCN\Events</Filter>
    </ClInclude>
    <ClInclude Include="HCN\TcpStopEventArgs.h">
      <Filter>HCN\Events</Filter>
    </ClInclude>
    <ClInclude Include="HCN\SelectTcpListener.h">
      <Filter>HCN</Filter>
    </ClInclude>
    <ClInclude Include="SocketException.h">
      <Filter>Exceptions</Filter>
    </ClInclude>
    <ClInclude Include="Net\Ptrs.h">
      <Filter>Net</Filter>
    </ClInclude>
    <ClInclude Include="Net\Sockets\Ptrs.h">
      <Filter>Net\Sockets</Filter>
    </ClInclude>
    <ClInclude Include="Threading\Ptrs.h">
      <Filter>Threading</Filter>
    </ClInclude>
    <ClInclude Include="IO\Ptrs.h">
      <Filter>IO</Filter>
    </ClInclude>
    <ClInclude Include="HCN\Ptrs.h">
      <Filter>HCN</Filter>
    </ClInclude>
    <ClInclude Include="DateTimes\Ptrs.h">
      <Filter>DateTimes</Filter>
    </ClInclude>
    <ClInclude Include="Threading\Semaphore.h">
      <Filter>Threading</Filter>
    </ClInclude>
    <ClInclude Include="HCN\ClientProcessStartEventArgs.h">
      <Filter>HCN\Events</Filter>
    </ClInclude>
    <ClInclude Include="HCN\ClientProcess.h">
      <Filter>HCN</Filter>
    </ClInclude>
    <ClInclude Include="HCN\SelectTcpClient.h">
      <Filter>HCN</Filter>
    </ClInclude>
    <ClInclude Include="HCN\Msg.h">
      <Filter>HCN</Filter>
    </ClInclude>
    <ClInclude Include="HCN\TcpOnLineEventArgs.h">
      <Filter>HCN\Events</Filter>
    </ClInclude>
    <ClInclude Include="HCN\TcpOffLineEventArgs.h">
      <Filter>HCN\Events</Filter>
    </ClInclude>
    <ClInclude Include="HCN\ClientProcessStopEventArgs.h">
      <Filter>HCN\Events</Filter>
    </ClInclude>
  </ItemGroup>
  <ItemGroup>
    <ClCompile Include="IO\Directory.cpp">
      <Filter>IO</Filter>
    </ClCompile>
    <ClCompile Include="IO\DirectoryInfo.cpp">
      <Filter>IO</Filter>
    </ClCompile>
    <ClCompile Include="IO\File.cpp">
      <Filter>IO</Filter>
    </ClCompile>
    <ClCompile Include="IO\FileInfo.cpp">
      <Filter>IO</Filter>
    </ClCompile>
    <ClCompile Include="IO\FileStream.cpp">
      <Filter>IO</Filter>
    </ClCompile>
    <ClCompile Include="Threading\Thread.cpp">
      <Filter>Threading</Filter>
    </ClCompile>
    <ClCompile Include="Threading\ThreadPool.cpp">
      <Filter>Threading</Filter>
    </ClCompile>
    <ClCompile Include="Net\IPAddress.cpp">
      <Filter>Net</Filter>
    </ClCompile>
    <ClCompile Include="Net\IPEndPoint.cpp">
      <Filter>Net</Filter>
    </ClCompile>
    <ClCompile Include="Net\SimpleTcpClient.cpp">
      <Filter>Net</Filter>
    </ClCompile>
    <ClCompile Include="Net\SimpleTcpListener.cpp">
      <Filter>Net</Filter>
    </ClCompile>
    <ClCompile Include="Logger\CLogger.cpp">
      <Filter>Logger</Filter>
    </ClCompile>
    <ClCompile Include="Net\TcpClient.cpp">
      <Filter>Net</Filter>
    </ClCompile>
    <ClCompile Include="Net\Sockets\Socket.cpp">
      <Filter>Net\Sockets</Filter>
    </ClCompile>
    <ClCompile Include="IO\Stream.cpp">
      <Filter>IO</Filter>
    </ClCompile>
    <ClCompile Include="Net\Sockets\SocketAsyncEventArgs.cpp">
      <Filter>Net\Sockets</Filter>
    </ClCompile>
    <ClCompile Include="Net\Sockets\NetworkStream.cpp">
      <Filter>Net\Sockets</Filter>
    </ClCompile>
    <ClCompile Include="Application.cpp">
      <Filter>System</Filter>
    </ClCompile>
    <ClCompile Include="Net\TcpListener.cpp">
      <Filter>Net</Filter>
    </ClCompile>
    <ClCompile Include="DateTimes\Date.cpp">
      <Filter>DateTimes</Filter>
    </ClCompile>
    <ClCompile Include="DateTimes\Time.cpp">
      <Filter>DateTimes</Filter>
    </ClCompile>
    <ClCompile Include="DateTimes\DateTime.cpp">
      <Filter>DateTimes</Filter>
    </ClCompile>
    <ClCompile Include="IO\FileSystemInfo.cpp">
      <Filter>IO</Filter>
    </ClCompile>
    <ClCompile Include="IO\BufferedStream.cpp">
      <Filter>IO</Filter>
    </ClCompile>
    <ClCompile Include="Exception.cpp">
      <Filter>Exceptions</Filter>
    </ClCompile>
    <ClCompile Include="ArgumentException.cpp">
      <Filter>Exceptions</Filter>
    </ClCompile>
    <ClCompile Include="NotSupportedException.cpp">
      <Filter>Exceptions</Filter>
    </ClCompile>
    <ClCompile Include="ExceptionId.cpp">
      <Filter>Exceptions</Filter>
    </ClCompile>
    <ClCompile Include="ArgumentOutOfRangeException.cpp">
      <Filter>Exceptions</Filter>
    </ClCompile>
    <ClCompile Include="ArgumentNullException.cpp">
      <Filter>Exceptions</Filter>
    </ClCompile>
    <ClCompile Include="InvalidOperationException.cpp">
      <Filter>Exceptions</Filter>
    </ClCompile>
    <ClCompile Include="IOException.cpp">
      <Filter>Exceptions</Filter>
    </ClCompile>
    <ClCompile Include="HCN\TcpAcceptEventArgs.cpp">
      <Filter>HCN\Events</Filter>
    </ClCompile>
    <ClCompile Include="HCN\TcpSelectErrorEventArgs.cpp">
      <Filter>HCN\Events</Filter>
    </ClCompile>
    <ClCompile Include="HCN\TcpStartEventArgs.cpp">
      <Filter>HCN\Events</Filter>
    </ClCompile>
    <ClCompile Include="HCN\SelectTcpListener.cpp">
      <Filter>HCN</Filter>
    </ClCompile>
    <ClCompile Include="SocketException.cpp">
      <Filter>Exceptions</Filter>
    </ClCompile>
    <ClCompile Include="Threading\Semaphore.cpp">
      <Filter>Threading</Filter>
    </ClCompile>
    <ClCompile Include="HCN\ClientProcess.cpp">
      <Filter>HCN</Filter>
    </ClCompile>
    <ClCompile Include="HCN\SelectTcpClient.cpp">
      <Filter>HCN</Filter>
    </ClCompile>
    <ClCompile Include="HCN\TcpReceiveEventArgs.cpp">
      <Filter>HCN\Events</Filter>
    </ClCompile>
    <ClCompile Include="HCN\TcpOnLineEventArgs.cpp">
      <Filter>HCN\Events</Filter>
    </ClCompile>
    <ClCompile Include="HCN\TcpOffLineEventArgs.cpp">
      <Filter>HCN\Events</Filter>
    </ClCompile>
  </ItemGroup>
  <ItemGroup>
    <Filter Include="Threading">
      <UniqueIdentifier>{5ecaa557-42dd-428e-9444-e7a7250243b8}</UniqueIdentifier>
    </Filter>
    <Filter Include="Text">
      <UniqueIdentifier>{47ca6772-5e0e-4c9c-9a80-5bf4f5388713}</UniqueIdentifier>
    </Filter>
    <Filter Include="Xml">
      <UniqueIdentifier>{d2436376-c04e-421b-80fd-e56344b6a8de}</UniqueIdentifier>
    </Filter>
    <Filter Include="Data">
      <UniqueIdentifier>{c1d018ac-e40e-4a0d-8b94-25b97897106d}</UniqueIdentifier>
    </Filter>
    <Filter Include="Collections">
      <UniqueIdentifier>{921e8e0e-c0b8-4d48-842b-d1607588f42b}</UniqueIdentifier>
    </Filter>
    <Filter Include="Net">
      <UniqueIdentifier>{bfea9b5e-4269-457b-9800-f41577eb4ea0}</UniqueIdentifier>
    </Filter>
    <Filter Include="IO">
      <UniqueIdentifier>{15c5fc7f-3d54-4267-93b0-8a843537f1ab}</UniqueIdentifier>
    </Filter>
    <Filter Include="Logger">
      <UniqueIdentifier>{d35f571b-b952-4f6d-a1dd-82902a73a616}</UniqueIdentifier>
    </Filter>
    <Filter Include="Net\Sockets">
      <UniqueIdentifier>{e07f9da8-a028-466e-8606-c77d6c8ea960}</UniqueIdentifier>
    </Filter>
    <Filter Include="System">
      <UniqueIdentifier>{ec560d9a-8ad7-42fd-ad55-f326df71dd91}</UniqueIdentifier>
    </Filter>
    <Filter Include="DateTimes">
      <UniqueIdentifier>{6a79569a-96ae-4f6e-9b14-a6e4654b4057}</UniqueIdentifier>
    </Filter>
    <Filter Include="Exceptions">
      <UniqueIdentifier>{62832565-1830-4360-93f7-c537c9df741d}</UniqueIdentifier>
    </Filter>
    <Filter Include="HCN">
      <UniqueIdentifier>{ae9dddb5-f25c-4d74-83fe-f096cf750353}</UniqueIdentifier>
    </Filter>
    <Filter Include="HCN\Events">
      <UniqueIdentifier>{671d2277-3948-4554-8e48-a48955734db3}</UniqueIdentifier>
    </Filter>
  </ItemGroup>
</Project>