<?xml version="1.0" encoding="utf-8"?>
<Project ToolsVersion="4.0" xmlns="http://schemas.microsoft.com/developer/msbuild/2003">
  <ItemGroup>
    <Filter Include="源文件">
      <UniqueIdentifier>{4FC737F1-C7A5-4376-A066-2A32D752A2FF}</UniqueIdentifier>
      <Extensions>cpp;c;cc;cxx;def;odl;idl;hpj;bat;asm;asmx</Extensions>
    </Filter>
    <Filter Include="头文件">
      <UniqueIdentifier>{93995380-89BD-4b04-88EB-625FBE52EBFB}</UniqueIdentifier>
      <Extensions>h;hh;hpp;hxx;hm;inl;inc;xsd</Extensions>
    </Filter>
    <Filter Include="资源文件">
      <UniqueIdentifier>{67DA6AB6-F800-4c08-8B7A-83BB121AAD01}</UniqueIdentifier>
      <Extensions>rc;ico;cur;bmp;dlg;rc2;rct;bin;rgs;gif;jpg;jpeg;jpe;resx;tiff;tif;png;wav;mfcribbon-ms</Extensions>
    </Filter>
    <Filter Include="Kafka">
      <UniqueIdentifier>{d2d90b3f-7165-442e-a878-9a8c706f651f}</UniqueIdentifier>
    </Filter>
  </ItemGroup>
  <ItemGroup>
    <ClInclude Include="DllExport.h">
      <Filter>头文件</Filter>
    </ClInclude>
    <ClInclude Include="KafkaProducer.h">
      <Filter>头文件</Filter>
    </ClInclude>
    <ClInclude Include="KafkaProducerDeliveryReportCallBack.h">
      <Filter>头文件</Filter>
    </ClInclude>
    <ClInclude Include="KafkaProducerEventCallBack.h">
      <Filter>头文件</Filter>
    </ClInclude>
    <ClInclude Include="KafkaConsumer.h">
      <Filter>头文件</Filter>
    </ClInclude>
    <ClInclude Include="CKafkaProducer.h">
      <Filter>头文件</Filter>
    </ClInclude>
    <ClInclude Include="CKafkaConsumer.h">
      <Filter>头文件</Filter>
    </ClInclude>
    <ClInclude Include="buffer.h">
      <Filter>Kafka</Filter>
    </ClInclude>
    <ClInclude Include="clonable_ptr.h">
      <Filter>Kafka</Filter>
    </ClInclude>
    <ClInclude Include="configuration.h">
      <Filter>Kafka</Filter>
    </ClInclude>
    <ClInclude Include="configuration_base.h">
      <Filter>Kafka</Filter>
    </ClInclude>
    <ClInclude Include="configuration_option.h">
      <Filter>Kafka</Filter>
    </ClInclude>
    <ClInclude Include="consumer.h">
      <Filter>Kafka</Filter>
    </ClInclude>
    <ClInclude Include="cppkafka.h">
      <Filter>Kafka</Filter>
    </ClInclude>
    <ClInclude Include="error.h">
      <Filter>Kafka</Filter>
    </ClInclude>
    <ClInclude Include="event.h">
      <Filter>Kafka</Filter>
    </ClInclude>
    <ClInclude Include="exceptions.h">
      <Filter>Kafka</Filter>
    </ClInclude>
    <ClInclude Include="group_information.h">
      <Filter>Kafka</Filter>
    </ClInclude>
    <ClInclude Include="header.h">
      <Filter>Kafka</Filter>
    </ClInclude>
    <ClInclude Include="header_list.h">
      <Filter>Kafka</Filter>
    </ClInclude>
    <ClInclude Include="header_list_iterator.h">
      <Filter>Kafka</Filter>
    </ClInclude>
    <ClInclude Include="kafka_handle_base.h">
      <Filter>Kafka</Filter>
    </ClInclude>
    <ClInclude Include="logging.h">
      <Filter>Kafka</Filter>
    </ClInclude>
    <ClInclude Include="macros.h">
      <Filter>Kafka</Filter>
    </ClInclude>
    <ClInclude Include="message.h">
      <Filter>Kafka</Filter>
    </ClInclude>
    <ClInclude Include="message_builder.h">
      <Filter>Kafka</Filter>
    </ClInclude>
    <ClInclude Include="message_internal.h">
      <Filter>Kafka</Filter>
    </ClInclude>
    <ClInclude Include="message_timestamp.h">
      <Filter>Kafka</Filter>
    </ClInclude>
    <ClInclude Include="metadata.h">
      <Filter>Kafka</Filter>
    </ClInclude>
    <ClInclude Include="producer.h">
      <Filter>Kafka</Filter>
    </ClInclude>
    <ClInclude Include="queue.h">
      <Filter>Kafka</Filter>
    </ClInclude>
    <ClInclude Include="topic.h">
      <Filter>Kafka</Filter>
    </ClInclude>
    <ClInclude Include="topic_configuration.h">
      <Filter>Kafka</Filter>
    </ClInclude>
    <ClInclude Include="topic_partition.h">
      <Filter>Kafka</Filter>
    </ClInclude>
    <ClInclude Include="topic_partition_list.h">
      <Filter>Kafka</Filter>
    </ClInclude>
    <ClInclude Include="utils\backoff_committer.h">
      <Filter>Kafka</Filter>
    </ClInclude>
    <ClInclude Include="utils\backoff_performer.h">
      <Filter>Kafka</Filter>
    </ClInclude>
    <ClInclude Include="utils\buffered_producer.h">
      <Filter>Kafka</Filter>
    </ClInclude>
    <ClInclude Include="utils\compacted_topic_processor.h">
      <Filter>Kafka</Filter>
    </ClInclude>
    <ClInclude Include="utils\consumer_dispatcher.h">
      <Filter>Kafka</Filter>
    </ClInclude>
    <ClInclude Include="utils\poll_interface.h">
      <Filter>Kafka</Filter>
    </ClInclude>
    <ClInclude Include="utils\poll_strategy_base.h">
      <Filter>Kafka</Filter>
    </ClInclude>
    <ClInclude Include="utils\roundrobin_poll_strategy.h">
      <Filter>Kafka</Filter>
    </ClInclude>
    <ClInclude Include="detail\callback_invoker.h">
      <Filter>Kafka</Filter>
    </ClInclude>
    <ClInclude Include="detail\endianness.h">
      <Filter>Kafka</Filter>
    </ClInclude>
  </ItemGroup>
  <ItemGroup>
    <ClCompile Include="KafkaProducer.cpp">
      <Filter>源文件</Filter>
    </ClCompile>
    <ClCompile Include="KafkaProducerDeliveryReportCallBack.cpp">
      <Filter>源文件</Filter>
    </ClCompile>
    <ClCompile Include="KafkaProducerEventCallBack.cpp">
      <Filter>源文件</Filter>
    </ClCompile>
    <ClCompile Include="KafkaConsumer.cpp">
      <Filter>源文件</Filter>
    </ClCompile>
    <ClCompile Include="CKafkaProducer.cpp">
      <Filter>源文件</Filter>
    </ClCompile>
    <ClCompile Include="CKafkaConsumer.cpp">
      <Filter>源文件</Filter>
    </ClCompile>
    <ClCompile Include="buffer.cpp">
      <Filter>Kafka</Filter>
    </ClCompile>
    <ClCompile Include="configuration.cpp">
      <Filter>Kafka</Filter>
    </ClCompile>
    <ClCompile Include="configuration_option.cpp">
      <Filter>Kafka</Filter>
    </ClCompile>
    <ClCompile Include="consumer.cpp">
      <Filter>Kafka</Filter>
    </ClCompile>
    <ClCompile Include="error.cpp">
      <Filter>Kafka</Filter>
    </ClCompile>
    <ClCompile Include="event.cpp">
      <Filter>Kafka</Filter>
    </ClCompile>
    <ClCompile Include="exceptions.cpp">
      <Filter>Kafka</Filter>
    </ClCompile>
    <ClCompile Include="group_information.cpp">
      <Filter>Kafka</Filter>
    </ClCompile>
    <ClCompile Include="kafka_handle_base.cpp">
      <Filter>Kafka</Filter>
    </ClCompile>
    <ClCompile Include="message.cpp">
      <Filter>Kafka</Filter>
    </ClCompile>
    <ClCompile Include="message_internal.cpp">
      <Filter>Kafka</Filter>
    </ClCompile>
    <ClCompile Include="message_timestamp.cpp">
      <Filter>Kafka</Filter>
    </ClCompile>
    <ClCompile Include="metadata.cpp">
      <Filter>Kafka</Filter>
    </ClCompile>
    <ClCompile Include="producer.cpp">
      <Filter>Kafka</Filter>
    </ClCompile>
    <ClCompile Include="queue.cpp">
      <Filter>Kafka</Filter>
    </ClCompile>
    <ClCompile Include="topic.cpp">
      <Filter>Kafka</Filter>
    </ClCompile>
    <ClCompile Include="topic_configuration.cpp">
      <Filter>Kafka</Filter>
    </ClCompile>
    <ClCompile Include="topic_partition.cpp">
      <Filter>Kafka</Filter>
    </ClCompile>
    <ClCompile Include="topic_partition_list.cpp">
      <Filter>Kafka</Filter>
    </ClCompile>
    <ClCompile Include="utils\backoff_committer.cpp">
      <Filter>Kafka</Filter>
    </ClCompile>
    <ClCompile Include="utils\backoff_performer.cpp">
      <Filter>Kafka</Filter>
    </ClCompile>
    <ClCompile Include="utils\poll_strategy_base.cpp">
      <Filter>Kafka</Filter>
    </ClCompile>
    <ClCompile Include="utils\roundrobin_poll_strategy.cpp">
      <Filter>Kafka</Filter>
    </ClCompile>
  </ItemGroup>
</Project>